# THIS IS AN AUTOGENERATED FILE. DO NOT EDIT THIS FILE DIRECTLY.
# yarn lockfile v1


"@babel/polyfill@^7.8.7":
  version "7.12.1"
  resolved "https://registry.npmjs.org/@babel/polyfill/-/polyfill-7.12.1.tgz#1f2d6371d1261bbd961f3c5d5909150e12d0bd96"
  integrity sha512-X0pi0V6gxLi6lFZpGmeNa4zxtwEmCs42isWLNjZZDE0Y8yVfgu0T2OAHlzBbdYlqbW/YXVvoBHpATEM+goCj8g==
  dependencies:
    core-js "^2.6.5"
    regenerator-runtime "^0.13.4"

"@bazel/bazelisk@^1.10.1":
  version "1.10.1"
  resolved "https://registry.yarnpkg.com/@bazel/bazelisk/-/bazelisk-1.10.1.tgz#46236a43ad58e310c55247f866da0dc6083c3d8b"
  integrity sha512-IHszNzBO2UrUy6YtsSAsZtnU6I6qpzXGkWdEvGoMxLgJnDsEnsIYniDCUjvjU1KAP+A03eepmCHlyFcRHMSxRA==

"@tensorflow/tfjs-backend-cpu@link:../link-package/node_modules/@tensorflow/tfjs-backend-cpu":
  version "0.0.0"
  uid ""

"@types/offscreencanvas@~2019.3.0":
  version "2019.3.0"
  resolved "https://registry.npmjs.org/@types/offscreencanvas/-/offscreencanvas-2019.3.0.tgz#3336428ec7e9180cf4566dfea5da04eb586a6553"
  integrity sha512-esIJx9bQg+QYF0ra8GnvfianIY8qWB0GBx54PK5Eps6m+xTj86KLavHv6qDhzKcu5UUOgNfJ2pWaIIV7TRUd9Q==

"@types/seedrandom@2.4.27":
  version "2.4.27"
  resolved "https://registry.npmjs.org/@types/seedrandom/-/seedrandom-2.4.27.tgz#9db563937dd86915f69092bc43259d2f48578e41"
  integrity sha1-nbVjk33YaRX2kJK8QyWdL0hXjkE=

"@types/webgl-ext@0.0.30":
  version "0.0.30"
  resolved "https://registry.npmjs.org/@types/webgl-ext/-/webgl-ext-0.0.30.tgz#0ce498c16a41a23d15289e0b844d945b25f0fb9d"
  integrity sha512-LKVgNmBxN0BbljJrVUwkxwRYqzsAEPcZOe6S2T6ZaBDIrFp0qu4FNlpc5sM1tGbXUYFgdVQIoeLk1Y1UoblyEg==

"@types/webgl2@0.0.6":
  version "0.0.6"
  resolved "https://registry.yarnpkg.com/@types/webgl2/-/webgl2-0.0.6.tgz#1ea2db791362bd8521548d664dbd3c5311cdf4b6"
  integrity sha512-50GQhDVTq/herLMiqSQkdtRu+d5q/cWHn4VvKJtrj4DJAjo1MNkWYa2MA41BaBO1q1HgsUjuQvEOk0QHvlnAaQ==

core-js@^2.6.5:
  version "2.6.12"
  resolved "https://registry.npmjs.org/core-js/-/core-js-2.6.12.tgz#d9333dfa7b065e347cc5682219d6f690859cc2ec"
  integrity sha512-Kb2wC0fvsWfQrgk8HU5lW6U/Lcs8+9aaYcy4ZFc6DDlo4nZ7n70dEgE5rtR0oG6ufKDUnrwfWL1mXR5ljDatrQ==

regenerator-runtime@^0.13.4:
  version "0.13.7"
  resolved "https://registry.npmjs.org/regenerator-runtime/-/regenerator-runtime-0.13.7.tgz#cac2dacc8a1ea675feaabaeb8ae833898ae46f55"
  integrity sha512-a54FxoJDIr27pgf7IgeQGxmqUNYrcV338lf/6gH456HZ/PhX+5BcwHXG9ajESmwe6WRO0tAzRUrRmNONWgkrew==

seedrandom@2.4.3:
  version "2.4.3"
  resolved "https://registry.npmjs.org/seedrandom/-/seedrandom-2.4.3.tgz#2438504dad33917314bff18ac4d794f16d6aaecc"
  integrity sha1-JDhQTa0zkXMUv/GKxNeU8W1qrsw=
