# THIS IS AN AUTOGENERATED FILE. DO NOT EDIT THIS FILE DIRECTLY.
# yarn lockfile v1


"@bazel/bazelisk@^1.12.0":
  version "1.12.0"
  resolved "https://registry.yarnpkg.com/@bazel/bazelisk/-/bazelisk-1.12.0.tgz#f08aebbf4afcb12684422450b0845dd6ef5cfe50"
  integrity sha512-7oQusq1e4AIyFgotxVV7Pc40Et0QyvoVjujL+7/qV5Vrbfh0Nj3CfqSgl63weEyI4r0+K6RlGVsjfRuBi05p5w==

"@bazel/ibazel@^0.16.2":
  version "0.16.2"
  resolved "https://registry.yarnpkg.com/@bazel/ibazel/-/ibazel-0.16.2.tgz#05dd7f06659759fda30f87b15534f1e42f1201bb"
  integrity sha512-KgqAWMH0emL6f3xH6nqyTryoBMqlJ627LBIe9PT1PRRQPz2FtHib3FIHJPukp1slzF3hJYZvdiVwgPnHbaSOOA==

"@types/seedrandom@^2.4.28":
  version "2.4.30"
  resolved "https://registry.yarnpkg.com/@types/seedrandom/-/seedrandom-2.4.30.tgz#d2efe425869b84163c2d56e779dddadb9372cbfa"
  integrity sha512-AnxLHewubLVzoF/A4qdxBGHCKifw8cY32iro3DQX9TPcetE95zBeVt3jnsvtvAUf1vwzMfwzp4t/L2yqPlnjkQ==

minimist@1.2.6:
  version "1.2.6"
  resolved "https://registry.yarnpkg.com/minimist/-/minimist-1.2.6.tgz#8637a5b759ea0d6e98702cfb3a9283323c93af44"
  integrity sha512-Jsjnk4bw3YJqYzbdyBiNsPWHPfO++UGG749Cxs6peCu5Xg4nrena6OVxOYxrQTqww0Jmwt+Ref8rggumkTLz9Q==

seedrandom@^3.0.5:
  version "3.0.5"
  resolved "https://registry.yarnpkg.com/seedrandom/-/seedrandom-3.0.5.tgz#54edc85c95222525b0c7a6f6b3543d8e0b3aa0a7"
  integrity sha512-8OwmbklUNzwezjGInmZ+2clQmExQPvomqjL7LFqOYqtmuxRgQYqOD3mHaU+MvZn5FLUeVxVfQjwLZW/n/JFuqg==