# THIS IS AN AUTOGENERATED FILE. DO NOT EDIT THIS FILE DIRECTLY.
# yarn lockfile v1


"@bazel/bazelisk@^1.9.0":
  version "1.9.0"
  resolved "https://registry.yarnpkg.com/@bazel/bazelisk/-/bazelisk-1.9.0.tgz#e55cc5394b838d85651bceb06abdc95a28c44e2f"
  integrity sha512-IHCKlMBHd7VMt3Za7rpTJA8O1WI8TUes5nDjdYv1MM/4OZQQFbM85Zb8ugQaKvy3CzxLpXgxYZUiq7b2TdhQnw==

"@bazel/ibazel@^0.16.2":
  version "0.16.2"
  resolved "https://registry.yarnpkg.com/@bazel/ibazel/-/ibazel-0.16.2.tgz#05dd7f06659759fda30f87b15534f1e42f1201bb"
  integrity sha512-KgqAWMH0emL6f3xH6nqyTryoBMqlJ627LBIe9PT1PRRQPz2FtHib3FIHJPukp1slzF3hJYZvdiVwgPnHbaSOOA==

"@types/seedrandom@2.4.27":
  version "2.4.27"
  resolved "https://registry.yarnpkg.com/@types/seedrandom/-/seedrandom-2.4.27.tgz#9db563937dd86915f69092bc43259d2f48578e41"
  integrity sha1-nbVjk33YaRX2kJK8QyWdL0hXjkE=

minimist@1.2.6:
  version "1.2.6"
  resolved "https://registry.yarnpkg.com/minimist/-/minimist-1.2.6.tgz#8637a5b759ea0d6e98702cfb3a9283323c93af44"
  integrity sha512-Jsjnk4bw3YJqYzbdyBiNsPWHPfO++UGG749Cxs6peCu5Xg4nrena6OVxOYxrQTqww0Jmwt+Ref8rggumkTLz9Q==

seedrandom@2.4.3:
  version "2.4.3"
  resolved "https://registry.yarnpkg.com/seedrandom/-/seedrandom-2.4.3.tgz#2438504dad33917314bff18ac4d794f16d6aaecc"
  integrity sha1-JDhQTa0zkXMUv/GKxNeU8W1qrsw=
