# THIS IS AN AUTOGENERATED FILE. DO NOT EDIT THIS FILE DIRECTLY.
# yarn lockfile v1


"@bazel/bazelisk@^1.9.0":
  version "1.11.0"
  resolved "https://registry.yarnpkg.com/@bazel/bazelisk/-/bazelisk-1.11.0.tgz#f98d8438b4c14e3328126618b96775d271caa5f8"
  integrity sha512-lxiQzVqSGDG0PIDQGJdVDjp7T+50p5NnM4EnRJa76mkZp6u5ul19GJNKhPKi81TZQALZEZDxAgxVqQKkWTUOxA==

"@bazel/ibazel@^0.15.10":
  version "0.15.10"
  resolved "https://registry.yarnpkg.com/@bazel/ibazel/-/ibazel-0.15.10.tgz#cf0cff1aec6d8e7bb23e1fc618d09fbd39b7a13f"
  integrity sha512-0v+OwCQ6fsGFa50r6MXWbUkSGuWOoZ22K4pMSdtWiL5LKFIE4kfmMmtQS+M7/ICNwk2EIYob+NRreyi/DGUz5A==

"@types/long@^4.0.1":
  version "4.0.1"
  resolved "https://registry.yarnpkg.com/@types/long/-/long-4.0.1.tgz#459c65fa1867dafe6a8f322c4c51695663cc55e9"
  integrity sha512-5tXH6Bx/kNGd3MgffdmP4dy2Z+G4eaXw0SE81Tq3BNadtnMR5/ySMzX4SLEzHJzSmPNn4HIdpQsBvXMUykr58w==

"@types/offscreencanvas@~2019.3.0":
  version "2019.3.0"
  resolved "https://registry.yarnpkg.com/@types/offscreencanvas/-/offscreencanvas-2019.3.0.tgz#3336428ec7e9180cf4566dfea5da04eb586a6553"
  integrity sha512-esIJx9bQg+QYF0ra8GnvfianIY8qWB0GBx54PK5Eps6m+xTj86KLavHv6qDhzKcu5UUOgNfJ2pWaIIV7TRUd9Q==

"@types/seedrandom@2.4.27":
  version "2.4.27"
  resolved "https://registry.yarnpkg.com/@types/seedrandom/-/seedrandom-2.4.27.tgz#9db563937dd86915f69092bc43259d2f48578e41"
  integrity sha1-nbVjk33YaRX2kJK8QyWdL0hXjkE=

"@types/webgl-ext@0.0.30":
  version "0.0.30"
  resolved "https://registry.yarnpkg.com/@types/webgl-ext/-/webgl-ext-0.0.30.tgz#0ce498c16a41a23d15289e0b844d945b25f0fb9d"
  integrity sha512-LKVgNmBxN0BbljJrVUwkxwRYqzsAEPcZOe6S2T6ZaBDIrFp0qu4FNlpc5sM1tGbXUYFgdVQIoeLk1Y1UoblyEg==

"@webgpu/types@^0.1.16":
  version "0.1.16"
  resolved "https://registry.yarnpkg.com/@webgpu/types/-/types-0.1.16.tgz#1f05497b95b7c013facf7035c8e21784645f5cc4"
  integrity sha512-9E61voMP4+Rze02jlTXud++Htpjyyk8vw5Hyw9FGRrmhHQg2GqbuOfwf5Klrb8vTxc2XWI3EfO7RUHMpxTj26A==

long@4.0.0:
  version "4.0.0"
  resolved "https://registry.yarnpkg.com/long/-/long-4.0.0.tgz#9a7b71cfb7d361a194ea555241c92f7468d5bf28"
  integrity sha512-XsP+KhQif4bjX1kbuSiySJFNAehNxgLb6hPRGJ9QsUr8ajHkuXGdrHmFUTUUXhDwVX2R5bY4JNZEwbUiMhV+MA==

minimist@1.2.6:
  version "1.2.6"
  resolved "https://registry.yarnpkg.com/minimist/-/minimist-1.2.6.tgz#8637a5b759ea0d6e98702cfb3a9283323c93af44"
  integrity sha512-Jsjnk4bw3YJqYzbdyBiNsPWHPfO++UGG749Cxs6peCu5Xg4nrena6OVxOYxrQTqww0Jmwt+Ref8rggumkTLz9Q==

node-fetch@~2.6.1:
  version "2.6.7"
  resolved "https://registry.yarnpkg.com/node-fetch/-/node-fetch-2.6.7.tgz#24de9fba827e3b4ae44dc8b20256a379160052ad"
  integrity sha512-ZjMPFEfVx5j+y2yF35Kzx5sF7kDzxuDj6ziH4FFbOp87zKDZNx8yExJIb05OGF4Nlt9IHFIMBkRl41VdvcNdbQ==
  dependencies:
    whatwg-url "^5.0.0"

seedrandom@2.4.3:
  version "2.4.3"
  resolved "https://registry.yarnpkg.com/seedrandom/-/seedrandom-2.4.3.tgz#2438504dad33917314bff18ac4d794f16d6aaecc"
  integrity sha1-JDhQTa0zkXMUv/GKxNeU8W1qrsw=

tr46@~0.0.3:
  version "0.0.3"
  resolved "https://registry.yarnpkg.com/tr46/-/tr46-0.0.3.tgz#8184fd347dac9cdc185992f3a6622e14b9d9ab6a"
  integrity sha1-gYT9NH2snNwYWZLzpmIuFLnZq2o=

webidl-conversions@^3.0.0:
  version "3.0.1"
  resolved "https://registry.yarnpkg.com/webidl-conversions/-/webidl-conversions-3.0.1.tgz#24534275e2a7bc6be7bc86611cc16ae0a5654871"
  integrity sha1-JFNCdeKnvGvnvIZhHMFq4KVlSHE=

whatwg-url@^5.0.0:
  version "5.0.0"
  resolved "https://registry.yarnpkg.com/whatwg-url/-/whatwg-url-5.0.0.tgz#966454e8765462e37644d3626f6742ce8b70965d"
  integrity sha1-lmRU6HZUYuN2RNNib2dCzotwll0=
  dependencies:
    tr46 "~0.0.3"
    webidl-conversions "^3.0.0"
