# THIS IS AN AUTOGENERATED FILE. DO NOT EDIT THIS FILE DIRECTLY.
# yarn lockfile v1


"@bazel/bazelisk@^1.12.0":
  version "1.12.1"
  resolved "https://registry.yarnpkg.com/@bazel/bazelisk/-/bazelisk-1.12.1.tgz#346531286564aa29eee03a62362d210f3433e7bf"
  integrity sha512-TGCwVeIiVeQUP6yLpxAg8yluFOC+tBQnWw5l8lqwMxKhRtOA+WaH1CJKAXeCBAaS2MxohhkXq44zj/7AM+t2jg==

minimist@1.2.6:
  version "1.2.6"
  resolved "https://registry.yarnpkg.com/minimist/-/minimist-1.2.6.tgz#8637a5b759ea0d6e98702cfb3a9283323c93af44"
  integrity sha512-Jsjnk4bw3YJqYzbdyBiNsPWHPfO++UGG749Cxs6peCu5Xg4nrena6OVxOYxrQTqww0Jmwt+Ref8rggumkTLz9Q==
