# THIS IS AN AUTOGENERATED FILE. DO NOT EDIT THIS FILE DIRECTLY.
# yarn lockfile v1


"@tensorflow-models/mobilenet@^1.0.1":
  version "1.0.1"
  resolved "https://registry.yarnpkg.com/@tensorflow-models/mobilenet/-/mobilenet-1.0.1.tgz#e0dfdfd4941bae780dfe09e927ebdeea00926d12"
  integrity sha512-VaxVRCmJLK09yp2Qn/LvT29joZPT4aCBrSD4DwIkWghfJF7M/DGqxsiZSnjnUnYjzkZdNv7JCVJ4EY1PCmufQw==

"@tensorflow/tfjs-converter@1.2.2":
  version "1.2.2"
  resolved "https://registry.yarnpkg.com/@tensorflow/tfjs-converter/-/tfjs-converter-1.2.2.tgz#c95e2f79b1de830b8079c7704dc8463ced2d2b79"
  integrity sha512-NM2NcPRHpCNeJdBxHcYpmW9ZHTQ2lJFJgmgGpQ8CxSC9CtQB05bFONs3SKcwMNDE/69QBRVom5DYqLCVUg+A+g==

"@tensorflow/tfjs-core@1.2.2":
  version "1.2.2"
  resolved "https://registry.yarnpkg.com/@tensorflow/tfjs-core/-/tfjs-core-1.2.2.tgz#2efa89e323612a26aeccee9b3ae9f5ac5a635bbe"
  integrity sha512-2hCHMKjh3UNpLEjbAEaurrTGJyj/KpLtMSAraWgHA1vGY0kmk50BBSbgCDmXWUVm7lyh/SkCq4/GrGDZktEs3g==
  dependencies:
    "@types/offscreencanvas" "~2019.3.0"
    "@types/seedrandom" "2.4.27"
    "@types/webgl-ext" "0.0.30"
    "@types/webgl2" "0.0.4"
    node-fetch "~2.1.2"
    seedrandom "2.4.3"
  optionalDependencies:
    rollup-plugin-visualizer "~1.1.1"

"@tensorflow/tfjs-data@1.2.2":
  version "1.2.2"
  resolved "https://registry.yarnpkg.com/@tensorflow/tfjs-data/-/tfjs-data-1.2.2.tgz#bd802b4096df04277d302d66598aef47fbffef85"
  integrity sha512-oHGBoGdnCl2RyouLKplQqo+iil0iJgPbi/aoHizhpO77UBuJXlKMblH8w5GbxVAw3hKxWlqzYpxPo6rVRgehNA==
  dependencies:
    "@types/node-fetch" "^2.1.2"
    node-fetch "~2.1.2"

"@tensorflow/tfjs-layers@1.2.2":
  version "1.2.2"
  resolved "https://registry.yarnpkg.com/@tensorflow/tfjs-layers/-/tfjs-layers-1.2.2.tgz#3365dbbca7cfa4fcc6cacc9fffc90d664606bd4e"
  integrity sha512-yzWZaZrCVpEyTkSrzMe4OOP4aGUfaaROE/zR9fPsPGGF8wLlbLNZUJjeYUmjy3G3pXGaM0mQUbLR5Vd707CVtQ==

"@tensorflow/tfjs@^1.2.2":
  version "1.2.2"
  resolved "https://registry.yarnpkg.com/@tensorflow/tfjs/-/tfjs-1.2.2.tgz#e0cc7f1c4139e7c38f3ea478999f0972d354c948"
  integrity sha512-HfhSzL2eTWhlT0r/A5wmo+u3bHe+an16p5wsnFH3ujn21fQ8QtGpSfDHQZjWx1kVFaQnV6KBG+17MOrRHoHlLA==
  dependencies:
    "@tensorflow/tfjs-converter" "1.2.2"
    "@tensorflow/tfjs-core" "1.2.2"
    "@tensorflow/tfjs-data" "1.2.2"
    "@tensorflow/tfjs-layers" "1.2.2"

"@types/node-fetch@^2.1.2":
  version "2.3.7"
  resolved "https://registry.yarnpkg.com/@types/node-fetch/-/node-fetch-2.3.7.tgz#b7212e895100f8642dbdab698472bab5f3c1d2f1"
  integrity sha512-+bKtuxhj/TYSSP1r4CZhfmyA0vm/aDRQNo7vbAgf6/cZajn0SAniGGST07yvI4Q+q169WTa2/x9gEHfJrkcALw==
  dependencies:
    "@types/node" "*"

"@types/node@*":
  version "12.6.1"
  resolved "https://registry.yarnpkg.com/@types/node/-/node-12.6.1.tgz#d5544f6de0aae03eefbb63d5120f6c8be0691946"
  integrity sha512-rp7La3m845mSESCgsJePNL/JQyhkOJA6G4vcwvVgkDAwHhGdq5GCumxmPjEk1MZf+8p5ZQAUE7tqgQRQTXN7uQ==

"@types/offscreencanvas@~2019.3.0":
  version "2019.3.0"
  resolved "https://registry.yarnpkg.com/@types/offscreencanvas/-/offscreencanvas-2019.3.0.tgz#3336428ec7e9180cf4566dfea5da04eb586a6553"
  integrity sha512-esIJx9bQg+QYF0ra8GnvfianIY8qWB0GBx54PK5Eps6m+xTj86KLavHv6qDhzKcu5UUOgNfJ2pWaIIV7TRUd9Q==

"@types/seedrandom@2.4.27":
  version "2.4.27"
  resolved "https://registry.yarnpkg.com/@types/seedrandom/-/seedrandom-2.4.27.tgz#9db563937dd86915f69092bc43259d2f48578e41"
  integrity sha1-nbVjk33YaRX2kJK8QyWdL0hXjkE=

"@types/webgl-ext@0.0.30":
  version "0.0.30"
  resolved "https://registry.yarnpkg.com/@types/webgl-ext/-/webgl-ext-0.0.30.tgz#0ce498c16a41a23d15289e0b844d945b25f0fb9d"
  integrity sha512-LKVgNmBxN0BbljJrVUwkxwRYqzsAEPcZOe6S2T6ZaBDIrFp0qu4FNlpc5sM1tGbXUYFgdVQIoeLk1Y1UoblyEg==

"@types/webgl2@0.0.4":
  version "0.0.4"
  resolved "https://registry.yarnpkg.com/@types/webgl2/-/webgl2-0.0.4.tgz#c3b0f9d6b465c66138e84e64cb3bdf8373c2c279"
  integrity sha512-PACt1xdErJbMUOUweSrbVM7gSIYm1vTncW2hF6Os/EeWi6TXYAYMPp+8v6rzHmypE5gHrxaxZNXgMkJVIdZpHw==

is-wsl@^1.1.0:
  version "1.1.0"
  resolved "https://registry.yarnpkg.com/is-wsl/-/is-wsl-1.1.0.tgz#1f16e4aa22b04d1336b66188a66af3c600c3a66d"
  integrity sha1-HxbkqiKwTRM2tmGIpmrzxgDDpm0=

jpeg-js@^0.4.0:
  version "0.4.0"
  resolved "https://registry.yarnpkg.com/jpeg-js/-/jpeg-js-0.4.0.tgz#39adab7245b6d11e918ba5d4b49263ff2fc6a2f9"
  integrity sha512-960VHmtN1vTpasX/1LupLohdP5odwAT7oK/VSm6mW0M58LbrBnowLAPWAZhWGhDAGjzbMnPXZxzB/QYgBwkN0w==

minimist@0.0.8, minimist@0.2.1:
  version "0.2.1"
  resolved "https://registry.yarnpkg.com/minimist/-/minimist-0.2.1.tgz#827ba4e7593464e7c221e8c5bed930904ee2c455"
  integrity sha512-GY8fANSrTMfBVfInqJAY41QkOM+upUTytK1jZ0c8+3HdHrJxBJ3rF5i9moClXTE8uUSnUo8cAsCoxDXvSY4DHg==

mkdirp@^0.5.1:
  version "0.5.1"
  resolved "https://registry.yarnpkg.com/mkdirp/-/mkdirp-0.5.1.tgz#30057438eac6cf7f8c4767f38648d6697d75c903"
  integrity sha1-MAV0OOrGz3+MR2fzhkjWaX11yQM=
  dependencies:
    minimist "0.0.8"

node-fetch@~2.1.2:
  version "2.1.2"
  resolved "https://registry.yarnpkg.com/node-fetch/-/node-fetch-2.1.2.tgz#ab884e8e7e57e38a944753cec706f788d1768bb5"
  integrity sha1-q4hOjn5X44qUR1POxwb3iNF2i7U=

opn@^5.4.0:
  version "5.5.0"
  resolved "https://registry.yarnpkg.com/opn/-/opn-5.5.0.tgz#fc7164fab56d235904c51c3b27da6758ca3b9bfc"
  integrity sha512-PqHpggC9bLV0VeWcdKhkpxY+3JTzetLSqTCWL/z/tFIbI6G8JCjondXklT1JinczLz2Xib62sSp0T/gKT4KksA==
  dependencies:
    is-wsl "^1.1.0"

rollup-plugin-visualizer@~1.1.1:
  version "1.1.1"
  resolved "https://registry.yarnpkg.com/rollup-plugin-visualizer/-/rollup-plugin-visualizer-1.1.1.tgz#454ae0aed23845407ebfb81cc52114af308d6d90"
  integrity sha512-7xkSKp+dyJmSC7jg2LXqViaHuOnF1VvIFCnsZEKjrgT5ZVyiLLSbeszxFcQSfNJILphqgAEmWAUz0Z4xYScrRw==
  dependencies:
    mkdirp "^0.5.1"
    opn "^5.4.0"
    source-map "^0.7.3"
    typeface-oswald "0.0.54"

seedrandom@2.4.3:
  version "2.4.3"
  resolved "https://registry.yarnpkg.com/seedrandom/-/seedrandom-2.4.3.tgz#2438504dad33917314bff18ac4d794f16d6aaecc"
  integrity sha1-JDhQTa0zkXMUv/GKxNeU8W1qrsw=

source-map@^0.7.3:
  version "0.7.3"
  resolved "https://registry.yarnpkg.com/source-map/-/source-map-0.7.3.tgz#5302f8169031735226544092e64981f751750383"
  integrity sha512-CkCj6giN3S+n9qrYiBTX5gystlENnRW5jZeNLHpe6aue+SrHcG5VYwujhW9s4dY31mEGsxBDrHR6oI69fTXsaQ==

typeface-oswald@0.0.54:
  version "0.0.54"
  resolved "https://registry.yarnpkg.com/typeface-oswald/-/typeface-oswald-0.0.54.tgz#1e253011622cdd50f580c04e7d625e7f449763d7"
  integrity sha512-U1WMNp4qfy4/3khIfHMVAIKnNu941MXUfs3+H9R8PFgnoz42Hh9pboSFztWr86zut0eXC8byalmVhfkiKON/8Q==
