# THIS IS AN AUTOGENERATED FILE. DO NOT EDIT THIS FILE DIRECTLY.
# yarn lockfile v1


"@bazel/bazelisk@^1.10.1":
  version "1.10.1"
  resolved "https://registry.yarnpkg.com/@bazel/bazelisk/-/bazelisk-1.10.1.tgz#46236a43ad58e310c55247f866da0dc6083c3d8b"
  integrity sha512-IHszNzBO2UrUy6YtsSAsZtnU6I6qpzXGkWdEvGoMxLgJnDsEnsIYniDCUjvjU1KAP+A03eepmCHlyFcRHMSxRA==

minimist@1.2.6:
  version "1.2.6"
  resolved "https://registry.yarnpkg.com/minimist/-/minimist-1.2.6.tgz#8637a5b759ea0d6e98702cfb3a9283323c93af44"
  integrity sha512-Jsjnk4bw3YJqYzbdyBiNsPWHPfO++UGG749Cxs6peCu5Xg4nrena6OVxOYxrQTqww0Jmwt+Ref8rggumkTLz9Q==
