# THIS IS AN AUTOGENERATED FILE. DO NOT EDIT THIS FILE DIRECTLY.
# yarn lockfile v1


"@bazel/bazelisk@^1.12.0":
  version "1.12.0"
  resolved "https://registry.yarnpkg.com/@bazel/bazelisk/-/bazelisk-1.12.0.tgz#f08aebbf4afcb12684422450b0845dd6ef5cfe50"
  integrity sha512-7oQusq1e4AIyFgotxVV7Pc40Et0QyvoVjujL+7/qV5Vrbfh0Nj3CfqSgl63weEyI4r0+K6RlGVsjfRuBi05p5w==

minimist@1.2.6:
  version "1.2.6"
  resolved "https://registry.yarnpkg.com/minimist/-/minimist-1.2.6.tgz#8637a5b759ea0d6e98702cfb3a9283323c93af44"
  integrity sha512-Jsjnk4bw3YJqYzbdyBiNsPWHPfO++UGG749Cxs6peCu5Xg4nrena6OVxOYxrQTqww0Jmwt+Ref8rggumkTLz9Q==
